
Microsoft Visual Studio Solution File, Format Version 12.00
# Visual Studio Version 17
VisualStudioVersion = 17.7.34018.315
MinimumVisualStudioVersion = 10.0.40219.1
Project("{FAE04EC0-301F-11D3-BF4B-00C04F79EFBC}") = "StudentManagerAPI", "StudentManagerAPI.csproj", "{F42864E0-00CE-4A7A-A2E3-774BE6823B3A}"
EndProject
Global
	GlobalSection(SolutionConfigurationPlatforms) = preSolution
		Debug|Any CPU = Debug|Any CPU
		Release|Any CPU = Release|Any CPU
	EndGlobalSection
	GlobalSection(ProjectConfigurationPlatforms) = postSolution
		{F42864E0-00CE-4A7A-A2E3-774BE6823B3A}.Debug|Any CPU.ActiveCfg = Debug|Any CPU
		{F42864E0-00CE-4A7A-A2E3-774BE6823B3A}.Debug|Any CPU.Build.0 = Debug|Any CPU
		{F42864E0-00CE-4A7A-A2E3-774BE6823B3A}.Release|Any CPU.ActiveCfg = Release|Any CPU
		{F42864E0-00CE-4A7A-A2E3-774BE6823B3A}.Release|Any CPU.Build.0 = Release|Any CPU
	EndGlobalSection
	GlobalSection(SolutionProperties) = preSolution
		HideSolutionNode = FALSE
	EndGlobalSection
	GlobalSection(ExtensibilityGlobals) = postSolution
		SolutionGuid = {02D43B27-F6B7-4B17-A8CA-C2F24CB82F30}
	EndGlobalSection
EndGlobal
